
Microsoft Visual Studio Solution File, Format Version 12.00
# Visual Studio 2013
VisualStudioVersion = 12.0.31101.0
MinimumVisualStudioVersion = 10.0.40219.1
Project("{FAE04EC0-301F-11D3-BF4B-00C04F79EFBC}") = "BrewBro.UI", "BrewBro\BrewBro.UI.csproj", "{95D7E949-00A2-49E2-A490-99D27B1C1101}"
EndProject
Project("{FAE04EC0-301F-11D3-BF4B-00C04F79EFBC}") = "BrewBro.Core.Interfaces", "BrewBro.Core\BrewBro.Core.Interfaces.csproj", "{230C5713-DFE7-4AC5-8CB4-37F22EF6A3D2}"
EndProject
Project("{2150E333-8FDC-42A3-9474-1A3956D46DE8}") = "BOL", "BOL", "{709B4BFE-209E-4EF3-AFDF-800FC7120F9F}"
EndProject
Project("{FAE04EC0-301F-11D3-BF4B-00C04F79EFBC}") = "BrewBro.Users.Entities", "BrewBro.Users.Entities\BrewBro.Users.Entities.csproj", "{EB089DB5-BA41-4C72-9E29-2BB28953214D}"
EndProject
Global
	GlobalSection(SolutionConfigurationPlatforms) = preSolution
		Debug|Any CPU = Debug|Any CPU
		Release|Any CPU = Release|Any CPU
	EndGlobalSection
	GlobalSection(ProjectConfigurationPlatforms) = postSolution
		{95D7E949-00A2-49E2-A490-99D27B1C1101}.Debug|Any CPU.ActiveCfg = Debug|Any CPU
		{95D7E949-00A2-49E2-A490-99D27B1C1101}.Debug|Any CPU.Build.0 = Debug|Any CPU
		{95D7E949-00A2-49E2-A490-99D27B1C1101}.Release|Any CPU.ActiveCfg = Release|Any CPU
		{95D7E949-00A2-49E2-A490-99D27B1C1101}.Release|Any CPU.Build.0 = Release|Any CPU
		{230C5713-DFE7-4AC5-8CB4-37F22EF6A3D2}.Debug|Any CPU.ActiveCfg = Debug|Any CPU
		{230C5713-DFE7-4AC5-8CB4-37F22EF6A3D2}.Debug|Any CPU.Build.0 = Debug|Any CPU
		{230C5713-DFE7-4AC5-8CB4-37F22EF6A3D2}.Release|Any CPU.ActiveCfg = Release|Any CPU
		{230C5713-DFE7-4AC5-8CB4-37F22EF6A3D2}.Release|Any CPU.Build.0 = Release|Any CPU
		{EB089DB5-BA41-4C72-9E29-2BB28953214D}.Debug|Any CPU.ActiveCfg = Debug|Any CPU
		{EB089DB5-BA41-4C72-9E29-2BB28953214D}.Debug|Any CPU.Build.0 = Debug|Any CPU
		{EB089DB5-BA41-4C72-9E29-2BB28953214D}.Release|Any CPU.ActiveCfg = Release|Any CPU
		{EB089DB5-BA41-4C72-9E29-2BB28953214D}.Release|Any CPU.Build.0 = Release|Any CPU
	EndGlobalSection
	GlobalSection(SolutionProperties) = preSolution
		HideSolutionNode = FALSE
	EndGlobalSection
	GlobalSection(NestedProjects) = preSolution
		{EB089DB5-BA41-4C72-9E29-2BB28953214D} = {709B4BFE-209E-4EF3-AFDF-800FC7120F9F}
	EndGlobalSection
EndGlobal
